
Microsoft Visual Studio Solution File, Format Version 12.00
# Visual Studio Version 17
VisualStudioVersion = 17.8.34330.188
MinimumVisualStudioVersion = 10.0.40219.1
Project("{FAE04EC0-301F-11D3-BF4B-00C04F79EFBC}") = "C# Ramp Up 2", "C# Ramp Up 2.csproj", "{761D203B-786D-48AF-BA8A-447F4B223756}"
EndProject
Global
	GlobalSection(SolutionConfigurationPlatforms) = preSolution
		Debug|Any CPU = Debug|Any CPU
		Release|Any CPU = Release|Any CPU
	EndGlobalSection
	GlobalSection(ProjectConfigurationPlatforms) = postSolution
		{761D203B-786D-48AF-BA8A-447F4B223756}.Debug|Any CPU.ActiveCfg = Debug|Any CPU
		{761D203B-786D-48AF-BA8A-447F4B223756}.Debug|Any CPU.Build.0 = Debug|Any CPU
		{761D203B-786D-48AF-BA8A-447F4B223756}.Release|Any CPU.ActiveCfg = Release|Any CPU
		{761D203B-786D-48AF-BA8A-447F4B223756}.Release|Any CPU.Build.0 = Release|Any CPU
	EndGlobalSection
	GlobalSection(SolutionProperties) = preSolution
		HideSolutionNode = FALSE
	EndGlobalSection
	GlobalSection(ExtensibilityGlobals) = postSolution
		SolutionGuid = {0E05AE69-9BF0-4EFA-BE8C-E32CEEC754FA}
	EndGlobalSection
EndGlobal
